{
  "requires": true,
  "lockfileVersion": 1,
  "dependencies": {
    "@angular/animations": {
      "version": "11.2.0",
      "resolved": "https://registry.npmjs.org/@angular/animations/-/animations-11.2.0.tgz",
      "integrity": "sha512-orYrBPNAsF8VpvuOaXTtPltwK2nsje5R8sWJnRC2dh1RCRdyIqHwmRIU0Mi6qLMiEaLNrFPGEMyQ9gB+sC/vYg==",
      "requires": {
        "tslib": "^2.0.0"
      }
    },
    "tslib": {
      "version": "2.1.0",
      "resolved": "https://registry.npmjs.org/tslib/-/tslib-2.1.0.tgz",
      "integrity": "sha512-hcVC3wYEziELGGmEEXue7D75zbwIIVUMWAVbHItGPx0ziyXxrOMQx4rQEVEV45Ut/1IotuEvwqPopzIOkDMf0A=="
    }
  }
}
